
Microsoft Visual Studio Solution File, Format Version 12.00
# Visual Studio Version 16
VisualStudioVersion = 16.0.31702.278
MinimumVisualStudioVersion = 10.0.40219.1
Project("{FAE04EC0-301F-11D3-BF4B-00C04F79EFBC}") = "110-1Practice2-1", "110-1Practice2-1\110-1Practice2-1.csproj", "{5EA8CC0B-3974-4870-8B21-E00488084CBB}"
EndProject
Global
	GlobalSection(SolutionConfigurationPlatforms) = preSolution
		Debug|Any CPU = Debug|Any CPU
		Release|Any CPU = Release|Any CPU
	EndGlobalSection
	GlobalSection(ProjectConfigurationPlatforms) = postSolution
		{5EA8CC0B-3974-4870-8B21-E00488084CBB}.Debug|Any CPU.ActiveCfg = Debug|Any CPU
		{5EA8CC0B-3974-4870-8B21-E00488084CBB}.Debug|Any CPU.Build.0 = Debug|Any CPU
		{5EA8CC0B-3974-4870-8B21-E00488084CBB}.Release|Any CPU.ActiveCfg = Release|Any CPU
		{5EA8CC0B-3974-4870-8B21-E00488084CBB}.Release|Any CPU.Build.0 = Release|Any CPU
	EndGlobalSection
	GlobalSection(SolutionProperties) = preSolution
		HideSolutionNode = FALSE
	EndGlobalSection
	GlobalSection(ExtensibilityGlobals) = postSolution
		SolutionGuid = {42D16CE4-3135-44E4-84EA-B921C9ABB9E2}
	EndGlobalSection
EndGlobal
